
Microsoft Visual Studio Solution File, Format Version 12.00
# Visual Studio 15
VisualStudioVersion = 15.0.27130.2010
MinimumVisualStudioVersion = 10.0.40219.1
Project("{FAE04EC0-301F-11D3-BF4B-00C04F79EFBC}") = "StackLayout.Android", "StackLayout\StackLayout.Android\StackLayout.Android.csproj", "{91A2AC9C-8C3B-4BF9-916F-B37E68C929F1}"
EndProject
Project("{FAE04EC0-301F-11D3-BF4B-00C04F79EFBC}") = "StackLayout.iOS", "StackLayout\StackLayout.iOS\StackLayout.iOS.csproj", "{72AC2784-3D15-4539-8935-FBA66F8C5AE4}"
EndProject
Project("{FAE04EC0-301F-11D3-BF4B-00C04F79EFBC}") = "StackLayout.UWP", "StackLayout\StackLayout.UWP\StackLayout.UWP.csproj", "{94E72400-33CD-4131-8CBB-856FF972A0C4}"
EndProject
Project("{FAE04EC0-301F-11D3-BF4B-00C04F79EFBC}") = "StackLayout", "StackLayout\StackLayout\StackLayout.csproj", "{B4EE66AC-0A8D-4088-9291-DD68CD67D0D8}"
EndProject
Global
	GlobalSection(SolutionConfigurationPlatforms) = preSolution
		Ad-Hoc|Any CPU = Ad-Hoc|Any CPU
		Ad-Hoc|ARM = Ad-Hoc|ARM
		Ad-Hoc|iPhone = Ad-Hoc|iPhone
		Ad-Hoc|iPhoneSimulator = Ad-Hoc|iPhoneSimulator
		Ad-Hoc|x64 = Ad-Hoc|x64
		Ad-Hoc|x86 = Ad-Hoc|x86
		AppStore|Any CPU = AppStore|Any CPU
		AppStore|ARM = AppStore|ARM
		AppStore|iPhone = AppStore|iPhone
		AppStore|iPhoneSimulator = AppStore|iPhoneSimulator
		AppStore|x64 = AppStore|x64
		AppStore|x86 = AppStore|x86
		Debug|Any CPU = Debug|Any CPU
		Debug|ARM = Debug|ARM
		Debug|iPhone = Debug|iPhone
		Debug|iPhoneSimulator = Debug|iPhoneSimulator
		Debug|x64 = Debug|x64
		Debug|x86 = Debug|x86
		Release|Any CPU = Release|Any CPU
		Release|ARM = Release|ARM
		Release|iPhone = Release|iPhone
		Release|iPhoneSimulator = Release|iPhoneSimulator
		Release|x64 = Release|x64
		Release|x86 = Release|x86
	EndGlobalSection
	GlobalSection(ProjectConfigurationPlatforms) = postSolution
		{91A2AC9C-8C3B-4BF9-916F-B37E68C929F1}.Ad-Hoc|Any CPU.ActiveCfg = Release|Any CPU
		{91A2AC9C-8C3B-4BF9-916F-B37E68C929F1}.Ad-Hoc|Any CPU.Build.0 = Release|Any CPU
		{91A2AC9C-8C3B-4BF9-916F-B37E68C929F1}.Ad-Hoc|Any CPU.Deploy.0 = Release|Any CPU
		{91A2AC9C-8C3B-4BF9-916F-B37E68C929F1}.Ad-Hoc|ARM.ActiveCfg = Release|Any CPU
		{91A2AC9C-8C3B-4BF9-916F-B37E68C929F1}.Ad-Hoc|ARM.Build.0 = Release|Any CPU
		{91A2AC9C-8C3B-4BF9-916F-B37E68C929F1}.Ad-Hoc|ARM.Deploy.0 = Release|Any CPU
		{91A2AC9C-8C3B-4BF9-916F-B37E68C929F1}.Ad-Hoc|iPhone.ActiveCfg = Release|Any CPU
		{91A2AC9C-8C3B-4BF9-916F-B37E68C929F1}.Ad-Hoc|iPhone.Build.0 = Release|Any CPU
		{91A2AC9C-8C3B-4BF9-916F-B37E68C929F1}.Ad-Hoc|iPhone.Deploy.0 = Release|Any CPU
		{91A2AC9C-8C3B-4BF9-916F-B37E68C929F1}.Ad-Hoc|iPhoneSimulator.ActiveCfg = Release|Any CPU
		{91A2AC9C-8C3B-4BF9-916F-B37E68C929F1}.Ad-Hoc|iPhoneSimulator.Build.0 = Release|Any CPU
		{91A2AC9C-8C3B-4BF9-916F-B37E68C929F1}.Ad-Hoc|iPhoneSimulator.Deploy.0 = Release|Any CPU
		{91A2AC9C-8C3B-4BF9-916F-B37E68C929F1}.Ad-Hoc|x64.ActiveCfg = Release|Any CPU
		{91A2AC9C-8C3B-4BF9-916F-B37E68C929F1}.Ad-Hoc|x64.Build.0 = Release|Any CPU
		{91A2AC9C-8C3B-4BF9-916F-B37E68C929F1}.Ad-Hoc|x64.Deploy.0 = Release|Any CPU
		{91A2AC9C-8C3B-4BF9-916F-B37E68C929F1}.Ad-Hoc|x86.ActiveCfg = Release|Any CPU
		{91A2AC9C-8C3B-4BF9-916F-B37E68C929F1}.Ad-Hoc|x86.Build.0 = Release|Any CPU
		{91A2AC9C-8C3B-4BF9-916F-B37E68C929F1}.Ad-Hoc|x86.Deploy.0 = Release|Any CPU
		{91A2AC9C-8C3B-4BF9-916F-B37E68C929F1}.AppStore|Any CPU.ActiveCfg = Release|Any CPU
		{91A2AC9C-8C3B-4BF9-916F-B37E68C929F1}.AppStore|Any CPU.Build.0 = Release|Any CPU
		{91A2AC9C-8C3B-4BF9-916F-B37E68C929F1}.AppStore|Any CPU.Deploy.0 = Release|Any CPU
		{91A2AC9C-8C3B-4BF9-916F-B37E68C929F1}.AppStore|ARM.ActiveCfg = Release|Any CPU
		{91A2AC9C-8C3B-4BF9-916F-B37E68C929F1}.AppStore|ARM.Build.0 = Release|Any CPU
		{91A2AC9C-8C3B-4BF9-916F-B37E68C929F1}.AppStore|ARM.Deploy.0 = Release|Any CPU
		{91A2AC9C-8C3B-4BF9-916F-B37E68C929F1}.AppStore|iPhone.ActiveCfg = Release|Any CPU
		{91A2AC9C-8C3B-4BF9-916F-B37E68C929F1}.AppStore|iPhone.Build.0 = Release|Any CPU
		{91A2AC9C-8C3B-4BF9-916F-B37E68C929F1}.AppStore|iPhone.Deploy.0 = Release|Any CPU
		{91A2AC9C-8C3B-4BF9-916F-B37E68C929F1}.AppStore|iPhoneSimulator.ActiveCfg = Release|Any CPU
		{91A2AC9C-8C3B-4BF9-916F-B37E68C929F1}.AppStore|iPhoneSimulator.Build.0 = Release|Any CPU
		{91A2AC9C-8C3B-4BF9-916F-B37E68C929F1}.AppStore|iPhoneSimulator.Deploy.0 = Release|Any CPU
		{91A2AC9C-8C3B-4BF9-916F-B37E68C929F1}.AppStore|x64.ActiveCfg = Release|Any CPU
		{91A2AC9C-8C3B-4BF9-916F-B37E68C929F1}.AppStore|x64.Build.0 = Release|Any CPU
		{91A2AC9C-8C3B-4BF9-916F-B37E68C929F1}.AppStore|x64.Deploy.0 = Release|Any CPU
		{91A2AC9C-8C3B-4BF9-916F-B37E68C929F1}.AppStore|x86.ActiveCfg = Release|Any CPU
		{91A2AC9C-8C3B-4BF9-916F-B37E68C929F1}.AppStore|x86.Build.0 = Release|Any CPU
		{91A2AC9C-8C3B-4BF9-916F-B37E68C929F1}.AppStore|x86.Deploy.0 = Release|Any CPU
		{91A2AC9C-8C3B-4BF9-916F-B37E68C929F1}.Debug|Any CPU.ActiveCfg = Debug|Any CPU
		{91A2AC9C-8C3B-4BF9-916F-B37E68C929F1}.Debug|Any CPU.Build.0 = Debug|Any CPU
		{91A2AC9C-8C3B-4BF9-916F-B37E68C929F1}.Debug|Any CPU.Deploy.0 = Debug|Any CPU
		{91A2AC9C-8C3B-4BF9-916F-B37E68C929F1}.Debug|ARM.ActiveCfg = Debug|Any CPU
		{91A2AC9C-8C3B-4BF9-916F-B37E68C929F1}.Debug|ARM.Build.0 = Debug|Any CPU
		{91A2AC9C-8C3B-4BF9-916F-B37E68C929F1}.Debug|ARM.Deploy.0 = Debug|Any CPU
		{91A2AC9C-8C3B-4BF9-916F-B37E68C929F1}.Debug|iPhone.ActiveCfg = Debug|Any CPU
		{91A2AC9C-8C3B-4BF9-916F-B37E68C929F1}.Debug|iPhone.Build.0 = Debug|Any CPU
		{91A2AC9C-8C3B-4BF9-916F-B37E68C929F1}.Debug|iPhone.Deploy.0 = Debug|Any CPU
		{91A2AC9C-8C3B-4BF9-916F-B37E68C929F1}.Debug|iPhoneSimulator.ActiveCfg = Debug|Any CPU
		{91A2AC9C-8C3B-4BF9-916F-B37E68C929F1}.Debug|iPhoneSimulator.Build.0 = Debug|Any CPU
		{91A2AC9C-8C3B-4BF9-916F-B37E68C929F1}.Debug|iPhoneSimulator.Deploy.0 = Debug|Any CPU
		{91A2AC9C-8C3B-4BF9-916F-B37E68C929F1}.Debug|x64.ActiveCfg = Debug|Any CPU
		{91A2AC9C-8C3B-4BF9-916F-B37E68C929F1}.Debug|x64.Build.0 = Debug|Any CPU
		{91A2AC9C-8C3B-4BF9-916F-B37E68C929F1}.Debug|x64.Deploy.0 = Debug|Any CPU
		{91A2AC9C-8C3B-4BF9-916F-B37E68C929F1}.Debug|x86.ActiveCfg = Debug|Any CPU
		{91A2AC9C-8C3B-4BF9-916F-B37E68C929F1}.Debug|x86.Build.0 = Debug|Any CPU
		{91A2AC9C-8C3B-4BF9-916F-B37E68C929F1}.Debug|x86.Deploy.0 = Debug|Any CPU
		{91A2AC9C-8C3B-4BF9-916F-B37E68C929F1}.Release|Any CPU.ActiveCfg = Release|Any CPU
		{91A2AC9C-8C3B-4BF9-916F-B37E68C929F1}.Release|Any CPU.Build.0 = Release|Any CPU
		{91A2AC9C-8C3B-4BF9-916F-B37E68C929F1}.Release|Any CPU.Deploy.0 = Release|Any CPU
		{91A2AC9C-8C3B-4BF9-916F-B37E68C929F1}.Release|ARM.ActiveCfg = Release|Any CPU
		{91A2AC9C-8C3B-4BF9-916F-B37E68C929F1}.Release|ARM.Build.0 = Release|Any CPU
		{91A2AC9C-8C3B-4BF9-916F-B37E68C929F1}.Release|ARM.Deploy.0 = Release|Any CPU
		{91A2AC9C-8C3B-4BF9-916F-B37E68C929F1}.Release|iPhone.ActiveCfg = Release|Any CPU
		{91A2AC9C-8C3B-4BF9-916F-B37E68C929F1}.Release|iPhone.Build.0 = Release|Any CPU
		{91A2AC9C-8C3B-4BF9-916F-B37E68C929F1}.Release|iPhone.Deploy.0 = Release|Any CPU
		{91A2AC9C-8C3B-4BF9-916F-B37E68C929F1}.Release|iPhoneSimulator.ActiveCfg = Release|Any CPU
		{91A2AC9C-8C3B-4BF9-916F-B37E68C929F1}.Release|iPhoneSimulator.Build.0 = Release|Any CPU
		{91A2AC9C-8C3B-4BF9-916F-B37E68C929F1}.Release|iPhoneSimulator.Deploy.0 = Release|Any CPU
		{91A2AC9C-8C3B-4BF9-916F-B37E68C929F1}.Release|x64.ActiveCfg = Release|Any CPU
		{91A2AC9C-8C3B-4BF9-916F-B37E68C929F1}.Release|x64.Build.0 = Release|Any CPU
		{91A2AC9C-8C3B-4BF9-916F-B37E68C929F1}.Release|x64.Deploy.0 = Release|Any CPU
		{91A2AC9C-8C3B-4BF9-916F-B37E68C929F1}.Release|x86.ActiveCfg = Release|Any CPU
		{91A2AC9C-8C3B-4BF9-916F-B37E68C929F1}.Release|x86.Build.0 = Release|Any CPU
		{91A2AC9C-8C3B-4BF9-916F-B37E68C929F1}.Release|x86.Deploy.0 = Release|Any CPU
		{72AC2784-3D15-4539-8935-FBA66F8C5AE4}.Ad-Hoc|Any CPU.ActiveCfg = Ad-Hoc|iPhone
		{72AC2784-3D15-4539-8935-FBA66F8C5AE4}.Ad-Hoc|ARM.ActiveCfg = Ad-Hoc|iPhone
		{72AC2784-3D15-4539-8935-FBA66F8C5AE4}.Ad-Hoc|iPhone.ActiveCfg = Ad-Hoc|iPhone
		{72AC2784-3D15-4539-8935-FBA66F8C5AE4}.Ad-Hoc|iPhone.Build.0 = Ad-Hoc|iPhone
		{72AC2784-3D15-4539-8935-FBA66F8C5AE4}.Ad-Hoc|iPhoneSimulator.ActiveCfg = Ad-Hoc|iPhoneSimulator
		{72AC2784-3D15-4539-8935-FBA66F8C5AE4}.Ad-Hoc|iPhoneSimulator.Build.0 = Ad-Hoc|iPhoneSimulator
		{72AC2784-3D15-4539-8935-FBA66F8C5AE4}.Ad-Hoc|x64.ActiveCfg = Ad-Hoc|iPhone
		{72AC2784-3D15-4539-8935-FBA66F8C5AE4}.Ad-Hoc|x86.ActiveCfg = Ad-Hoc|iPhone
		{72AC2784-3D15-4539-8935-FBA66F8C5AE4}.AppStore|Any CPU.ActiveCfg = AppStore|iPhone
		{72AC2784-3D15-4539-8935-FBA66F8C5AE4}.AppStore|ARM.ActiveCfg = AppStore|iPhone
		{72AC2784-3D15-4539-8935-FBA66F8C5AE4}.AppStore|iPhone.ActiveCfg = AppStore|iPhone
		{72AC2784-3D15-4539-8935-FBA66F8C5AE4}.AppStore|iPhone.Build.0 = AppStore|iPhone
		{72AC2784-3D15-4539-8935-FBA66F8C5AE4}.AppStore|iPhoneSimulator.ActiveCfg = AppStore|iPhoneSimulator
		{72AC2784-3D15-4539-8935-FBA66F8C5AE4}.AppStore|iPhoneSimulator.Build.0 = AppStore|iPhoneSimulator
		{72AC2784-3D15-4539-8935-FBA66F8C5AE4}.AppStore|x64.ActiveCfg = AppStore|iPhone
		{72AC2784-3D15-4539-8935-FBA66F8C5AE4}.AppStore|x86.ActiveCfg = AppStore|iPhone
		{72AC2784-3D15-4539-8935-FBA66F8C5AE4}.Debug|Any CPU.ActiveCfg = Debug|iPhone
		{72AC2784-3D15-4539-8935-FBA66F8C5AE4}.Debug|ARM.ActiveCfg = Debug|iPhone
		{72AC2784-3D15-4539-8935-FBA66F8C5AE4}.Debug|iPhone.ActiveCfg = Debug|iPhone
		{72AC2784-3D15-4539-8935-FBA66F8C5AE4}.Debug|iPhone.Build.0 = Debug|iPhone
		{72AC2784-3D15-4539-8935-FBA66F8C5AE4}.Debug|iPhoneSimulator.ActiveCfg = Debug|iPhoneSimulator
		{72AC2784-3D15-4539-8935-FBA66F8C5AE4}.Debug|iPhoneSimulator.Build.0 = Debug|iPhoneSimulator
		{72AC2784-3D15-4539-8935-FBA66F8C5AE4}.Debug|x64.ActiveCfg = Debug|iPhone
		{72AC2784-3D15-4539-8935-FBA66F8C5AE4}.Debug|x86.ActiveCfg = Debug|iPhone
		{72AC2784-3D15-4539-8935-FBA66F8C5AE4}.Release|Any CPU.ActiveCfg = Release|iPhone
		{72AC2784-3D15-4539-8935-FBA66F8C5AE4}.Release|ARM.ActiveCfg = Release|iPhone
		{72AC2784-3D15-4539-8935-FBA66F8C5AE4}.Release|iPhone.ActiveCfg = Release|iPhone
		{72AC2784-3D15-4539-8935-FBA66F8C5AE4}.Release|iPhone.Build.0 = Release|iPhone
		{72AC2784-3D15-4539-8935-FBA66F8C5AE4}.Release|iPhoneSimulator.ActiveCfg = Release|iPhoneSimulator
		{72AC2784-3D15-4539-8935-FBA66F8C5AE4}.Release|iPhoneSimulator.Build.0 = Release|iPhoneSimulator
		{72AC2784-3D15-4539-8935-FBA66F8C5AE4}.Release|x64.ActiveCfg = Release|iPhone
		{72AC2784-3D15-4539-8935-FBA66F8C5AE4}.Release|x86.ActiveCfg = Release|iPhone
		{94E72400-33CD-4131-8CBB-856FF972A0C4}.Ad-Hoc|Any CPU.ActiveCfg = Release|x86
		{94E72400-33CD-4131-8CBB-856FF972A0C4}.Ad-Hoc|Any CPU.Build.0 = Release|x86
		{94E72400-33CD-4131-8CBB-856FF972A0C4}.Ad-Hoc|Any CPU.Deploy.0 = Release|x86
		{94E72400-33CD-4131-8CBB-856FF972A0C4}.Ad-Hoc|ARM.ActiveCfg = Release|ARM
		{94E72400-33CD-4131-8CBB-856FF972A0C4}.Ad-Hoc|ARM.Build.0 = Release|ARM
		{94E72400-33CD-4131-8CBB-856FF972A0C4}.Ad-Hoc|ARM.Deploy.0 = Release|ARM
		{94E72400-33CD-4131-8CBB-856FF972A0C4}.Ad-Hoc|iPhone.ActiveCfg = Release|x86
		{94E72400-33CD-4131-8CBB-856FF972A0C4}.Ad-Hoc|iPhone.Build.0 = Release|x86
		{94E72400-33CD-4131-8CBB-856FF972A0C4}.Ad-Hoc|iPhone.Deploy.0 = Release|x86
		{94E72400-33CD-4131-8CBB-856FF972A0C4}.Ad-Hoc|iPhoneSimulator.ActiveCfg = Release|x86
		{94E72400-33CD-4131-8CBB-856FF972A0C4}.Ad-Hoc|iPhoneSimulator.Build.0 = Release|x86
		{94E72400-33CD-4131-8CBB-856FF972A0C4}.Ad-Hoc|iPhoneSimulator.Deploy.0 = Release|x86
		{94E72400-33CD-4131-8CBB-856FF972A0C4}.Ad-Hoc|x64.ActiveCfg = Release|x64
		{94E72400-33CD-4131-8CBB-856FF972A0C4}.Ad-Hoc|x64.Build.0 = Release|x64
		{94E72400-33CD-4131-8CBB-856FF972A0C4}.Ad-Hoc|x64.Deploy.0 = Release|x64
		{94E72400-33CD-4131-8CBB-856FF972A0C4}.Ad-Hoc|x86.ActiveCfg = Release|x86
		{94E72400-33CD-4131-8CBB-856FF972A0C4}.Ad-Hoc|x86.Build.0 = Release|x86
		{94E72400-33CD-4131-8CBB-856FF972A0C4}.Ad-Hoc|x86.Deploy.0 = Release|x86
		{94E72400-33CD-4131-8CBB-856FF972A0C4}.AppStore|Any CPU.ActiveCfg = Release|x86
		{94E72400-33CD-4131-8CBB-856FF972A0C4}.AppStore|Any CPU.Build.0 = Release|x86
		{94E72400-33CD-4131-8CBB-856FF972A0C4}.AppStore|Any CPU.Deploy.0 = Release|x86
		{94E72400-33CD-4131-8CBB-856FF972A0C4}.AppStore|ARM.ActiveCfg = Release|ARM
		{94E72400-33CD-4131-8CBB-856FF972A0C4}.AppStore|ARM.Build.0 = Release|ARM
		{94E72400-33CD-4131-8CBB-856FF972A0C4}.AppStore|ARM.Deploy.0 = Release|ARM
		{94E72400-33CD-4131-8CBB-856FF972A0C4}.AppStore|iPhone.ActiveCfg = Release|x86
		{94E72400-33CD-4131-8CBB-856FF972A0C4}.AppStore|iPhone.Build.0 = Release|x86
		{94E72400-33CD-4131-8CBB-856FF972A0C4}.AppStore|iPhone.Deploy.0 = Release|x86
		{94E72400-33CD-4131-8CBB-856FF972A0C4}.AppStore|iPhoneSimulator.ActiveCfg = Release|x86
		{94E72400-33CD-4131-8CBB-856FF972A0C4}.AppStore|iPhoneSimulator.Build.0 = Release|x86
		{94E72400-33CD-4131-8CBB-856FF972A0C4}.AppStore|iPhoneSimulator.Deploy.0 = Release|x86
		{94E72400-33CD-4131-8CBB-856FF972A0C4}.AppStore|x64.ActiveCfg = Release|x64
		{94E72400-33CD-4131-8CBB-856FF972A0C4}.AppStore|x64.Build.0 = Release|x64
		{94E72400-33CD-4131-8CBB-856FF972A0C4}.AppStore|x64.Deploy.0 = Release|x64
		{94E72400-33CD-4131-8CBB-856FF972A0C4}.AppStore|x86.ActiveCfg = Release|x86
		{94E72400-33CD-4131-8CBB-856FF972A0C4}.AppStore|x86.Build.0 = Release|x86
		{94E72400-33CD-4131-8CBB-856FF972A0C4}.AppStore|x86.Deploy.0 = Release|x86
		{94E72400-33CD-4131-8CBB-856FF972A0C4}.Debug|Any CPU.ActiveCfg = Debug|x86
		{94E72400-33CD-4131-8CBB-856FF972A0C4}.Debug|ARM.ActiveCfg = Debug|ARM
		{94E72400-33CD-4131-8CBB-856FF972A0C4}.Debug|ARM.Build.0 = Debug|ARM
		{94E72400-33CD-4131-8CBB-856FF972A0C4}.Debug|ARM.Deploy.0 = Debug|ARM
		{94E72400-33CD-4131-8CBB-856FF972A0C4}.Debug|iPhone.ActiveCfg = Debug|x86
		{94E72400-33CD-4131-8CBB-856FF972A0C4}.Debug|iPhoneSimulator.ActiveCfg = Debug|x86
		{94E72400-33CD-4131-8CBB-856FF972A0C4}.Debug|x64.ActiveCfg = Debug|x64
		{94E72400-33CD-4131-8CBB-856FF972A0C4}.Debug|x64.Build.0 = Debug|x64
		{94E72400-33CD-4131-8CBB-856FF972A0C4}.Debug|x64.Deploy.0 = Debug|x64
		{94E72400-33CD-4131-8CBB-856FF972A0C4}.Debug|x86.ActiveCfg = Debug|x86
		{94E72400-33CD-4131-8CBB-856FF972A0C4}.Debug|x86.Build.0 = Debug|x86
		{94E72400-33CD-4131-8CBB-856FF972A0C4}.Debug|x86.Deploy.0 = Debug|x86
		{94E72400-33CD-4131-8CBB-856FF972A0C4}.Release|Any CPU.ActiveCfg = Release|x86
		{94E72400-33CD-4131-8CBB-856FF972A0C4}.Release|ARM.ActiveCfg = Release|ARM
		{94E72400-33CD-4131-8CBB-856FF972A0C4}.Release|ARM.Build.0 = Release|ARM
		{94E72400-33CD-4131-8CBB-856FF972A0C4}.Release|ARM.Deploy.0 = Release|ARM
		{94E72400-33CD-4131-8CBB-856FF972A0C4}.Release|iPhone.ActiveCfg = Release|x86
		{94E72400-33CD-4131-8CBB-856FF972A0C4}.Release|iPhoneSimulator.ActiveCfg = Release|x86
		{94E72400-33CD-4131-8CBB-856FF972A0C4}.Release|x64.ActiveCfg = Release|x64
		{94E72400-33CD-4131-8CBB-856FF972A0C4}.Release|x64.Build.0 = Release|x64
		{94E72400-33CD-4131-8CBB-856FF972A0C4}.Release|x64.Deploy.0 = Release|x64
		{94E72400-33CD-4131-8CBB-856FF972A0C4}.Release|x86.ActiveCfg = Release|x86
		{94E72400-33CD-4131-8CBB-856FF972A0C4}.Release|x86.Build.0 = Release|x86
		{94E72400-33CD-4131-8CBB-856FF972A0C4}.Release|x86.Deploy.0 = Release|x86
		{B4EE66AC-0A8D-4088-9291-DD68CD67D0D8}.Ad-Hoc|Any CPU.ActiveCfg = Debug|Any CPU
		{B4EE66AC-0A8D-4088-9291-DD68CD67D0D8}.Ad-Hoc|Any CPU.Build.0 = Debug|Any CPU
		{B4EE66AC-0A8D-4088-9291-DD68CD67D0D8}.Ad-Hoc|ARM.ActiveCfg = Debug|Any CPU
		{B4EE66AC-0A8D-4088-9291-DD68CD67D0D8}.Ad-Hoc|ARM.Build.0 = Debug|Any CPU
		{B4EE66AC-0A8D-4088-9291-DD68CD67D0D8}.Ad-Hoc|iPhone.ActiveCfg = Debug|Any CPU
		{B4EE66AC-0A8D-4088-9291-DD68CD67D0D8}.Ad-Hoc|iPhone.Build.0 = Debug|Any CPU
		{B4EE66AC-0A8D-4088-9291-DD68CD67D0D8}.Ad-Hoc|iPhoneSimulator.ActiveCfg = Debug|Any CPU
		{B4EE66AC-0A8D-4088-9291-DD68CD67D0D8}.Ad-Hoc|iPhoneSimulator.Build.0 = Debug|Any CPU
		{B4EE66AC-0A8D-4088-9291-DD68CD67D0D8}.Ad-Hoc|x64.ActiveCfg = Debug|Any CPU
		{B4EE66AC-0A8D-4088-9291-DD68CD67D0D8}.Ad-Hoc|x64.Build.0 = Debug|Any CPU
		{B4EE66AC-0A8D-4088-9291-DD68CD67D0D8}.Ad-Hoc|x86.ActiveCfg = Debug|Any CPU
		{B4EE66AC-0A8D-4088-9291-DD68CD67D0D8}.Ad-Hoc|x86.Build.0 = Debug|Any CPU
		{B4EE66AC-0A8D-4088-9291-DD68CD67D0D8}.AppStore|Any CPU.ActiveCfg = Debug|Any CPU
		{B4EE66AC-0A8D-4088-9291-DD68CD67D0D8}.AppStore|Any CPU.Build.0 = Debug|Any CPU
		{B4EE66AC-0A8D-4088-9291-DD68CD67D0D8}.AppStore|ARM.ActiveCfg = Debug|Any CPU
		{B4EE66AC-0A8D-4088-9291-DD68CD67D0D8}.AppStore|ARM.Build.0 = Debug|Any CPU
		{B4EE66AC-0A8D-4088-9291-DD68CD67D0D8}.AppStore|iPhone.ActiveCfg = Debug|Any CPU
		{B4EE66AC-0A8D-4088-9291-DD68CD67D0D8}.AppStore|iPhone.Build.0 = Debug|Any CPU
		{B4EE66AC-0A8D-4088-9291-DD68CD67D0D8}.AppStore|iPhoneSimulator.ActiveCfg = Debug|Any CPU
		{B4EE66AC-0A8D-4088-9291-DD68CD67D0D8}.AppStore|iPhoneSimulator.Build.0 = Debug|Any CPU
		{B4EE66AC-0A8D-4088-9291-DD68CD67D0D8}.AppStore|x64.ActiveCfg = Debug|Any CPU
		{B4EE66AC-0A8D-4088-9291-DD68CD67D0D8}.AppStore|x64.Build.0 = Debug|Any CPU
		{B4EE66AC-0A8D-4088-9291-DD68CD67D0D8}.AppStore|x86.ActiveCfg = Debug|Any CPU
		{B4EE66AC-0A8D-4088-9291-DD68CD67D0D8}.AppStore|x86.Build.0 = Debug|Any CPU
		{B4EE66AC-0A8D-4088-9291-DD68CD67D0D8}.Debug|Any CPU.ActiveCfg = Debug|Any CPU
		{B4EE66AC-0A8D-4088-9291-DD68CD67D0D8}.Debug|Any CPU.Build.0 = Debug|Any CPU
		{B4EE66AC-0A8D-4088-9291-DD68CD67D0D8}.Debug|ARM.ActiveCfg = Debug|Any CPU
		{B4EE66AC-0A8D-4088-9291-DD68CD67D0D8}.Debug|ARM.Build.0 = Debug|Any CPU
		{B4EE66AC-0A8D-4088-9291-DD68CD67D0D8}.Debug|iPhone.ActiveCfg = Debug|Any CPU
		{B4EE66AC-0A8D-4088-9291-DD68CD67D0D8}.Debug|iPhone.Build.0 = Debug|Any CPU
		{B4EE66AC-0A8D-4088-9291-DD68CD67D0D8}.Debug|iPhoneSimulator.ActiveCfg = Debug|Any CPU
		{B4EE66AC-0A8D-4088-9291-DD68CD67D0D8}.Debug|iPhoneSimulator.Build.0 = Debug|Any CPU
		{B4EE66AC-0A8D-4088-9291-DD68CD67D0D8}.Debug|x64.ActiveCfg = Debug|Any CPU
		{B4EE66AC-0A8D-4088-9291-DD68CD67D0D8}.Debug|x64.Build.0 = Debug|Any CPU
		{B4EE66AC-0A8D-4088-9291-DD68CD67D0D8}.Debug|x86.ActiveCfg = Debug|Any CPU
		{B4EE66AC-0A8D-4088-9291-DD68CD67D0D8}.Debug|x86.Build.0 = Debug|Any CPU
		{B4EE66AC-0A8D-4088-9291-DD68CD67D0D8}.Release|Any CPU.ActiveCfg = Release|Any CPU
		{B4EE66AC-0A8D-4088-9291-DD68CD67D0D8}.Release|Any CPU.Build.0 = Release|Any CPU
		{B4EE66AC-0A8D-4088-9291-DD68CD67D0D8}.Release|ARM.ActiveCfg = Release|Any CPU
		{B4EE66AC-0A8D-4088-9291-DD68CD67D0D8}.Release|ARM.Build.0 = Release|Any CPU
		{B4EE66AC-0A8D-4088-9291-DD68CD67D0D8}.Release|iPhone.ActiveCfg = Release|Any CPU
		{B4EE66AC-0A8D-4088-9291-DD68CD67D0D8}.Release|iPhone.Build.0 = Release|Any CPU
		{B4EE66AC-0A8D-4088-9291-DD68CD67D0D8}.Release|iPhoneSimulator.ActiveCfg = Release|Any CPU
		{B4EE66AC-0A8D-4088-9291-DD68CD67D0D8}.Release|iPhoneSimulator.Build.0 = Release|Any CPU
		{B4EE66AC-0A8D-4088-9291-DD68CD67D0D8}.Release|x64.ActiveCfg = Release|Any CPU
		{B4EE66AC-0A8D-4088-9291-DD68CD67D0D8}.Release|x64.Build.0 = Release|Any CPU
		{B4EE66AC-0A8D-4088-9291-DD68CD67D0D8}.Release|x86.ActiveCfg = Release|Any CPU
		{B4EE66AC-0A8D-4088-9291-DD68CD67D0D8}.Release|x86.Build.0 = Release|Any CPU
	EndGlobalSection
	GlobalSection(SolutionProperties) = preSolution
		HideSolutionNode = FALSE
	EndGlobalSection
	GlobalSection(ExtensibilityGlobals) = postSolution
		SolutionGuid = {A0723EED-DF59-4984-9A51-62AC3850E317}
	EndGlobalSection
EndGlobal
